<?xml version="1.0" encoding="utf-8"?>
<Project ToolsVersion="4.0" xmlns="http://schemas.microsoft.com/developer/msbuild/2003">
  <ItemGroup>
    <ClCompile Include="Main.cpp" />
    <ClCompile Include="Session.cpp" />
    <ClCompile Include="SessionState.cpp" />
    <ClCompile Include="Tests.cpp" />
    <ClCompile Include="MathTest.cpp" />
    <ClCompile Include="RenderTest.cpp" />
    <ClCompile Include="Link.cpp" />
    <ClCompile Include="CoreTest.cpp" />
    <ClCompile Include="Utility.cpp" />
    <ClCompile Include="OrbitTest.cpp" />
    <ClCompile Include="UnitsTest.cpp" />
  </ItemGroup>
  <ItemGroup>
    <ClInclude Include="Session.h" />
    <ClInclude Include="SessionState.h" />
    <ClInclude Include="Utility.h" />
    <ClInclude Include="Test.h" />
    <ClInclude Include="Tests.h" />
    <ClInclude Include="MathTest.h" />
    <ClInclude Include="UserInput.h" />
    <ClInclude Include="RenderTest.h" />
    <ClInclude Include="CoreTest.h" />
    <ClInclude Include="OrbitTest.h" />
    <ClInclude Include="UnitsTest.h" />
  </ItemGroup>
  <ItemGroup>
    <Filter Include="content">
      <UniqueIdentifier>{174ea29d-5121-433f-90db-d103f2e7ba10}</UniqueIdentifier>
    </Filter>
  </ItemGroup>
  <ItemGroup>
    <FxCompile Include="..\..\_bin\main\dad\content\particle.vertex.hlsl">
      <Filter>content</Filter>
    </FxCompile>
    <FxCompile Include="..\..\_bin\main\dad\content\particle.pixel.hlsl">
      <Filter>content</Filter>
    </FxCompile>
    <FxCompile Include="..\..\_bin\main\dad\content\orbit.pixel.hlsl">
      <Filter>content</Filter>
    </FxCompile>
    <FxCompile Include="..\..\_bin\main\dad\content\orbit.vertex.hlsl">
      <Filter>content</Filter>
    </FxCompile>
    <FxCompile Include="..\..\_bin\main\dad\content\sphere.pixel.hlsl">
      <Filter>content</Filter>
    </FxCompile>
    <FxCompile Include="..\..\_bin\main\dad\content\sphere.vertex.hlsl">
      <Filter>content</Filter>
    </FxCompile>
    <FxCompile Include="..\..\_bin\main\dad\content\hemisphere.pixel.hlsl">
      <Filter>content</Filter>
    </FxCompile>
    <FxCompile Include="..\..\_bin\main\dad\content\hemisphere.vertex.hlsl">
      <Filter>content</Filter>
    </FxCompile>
    <FxCompile Include="..\..\_bin\main\dad\content\mask.pixel.hlsl">
      <Filter>content</Filter>
    </FxCompile>
  </ItemGroup>
  <ItemGroup>
    <None Include="..\..\_bin\main\dad\content\orbit.header.hlsl">
      <Filter>content</Filter>
    </None>
    <None Include="..\..\_bin\main\dad\content\sphere.header.hlsl">
      <Filter>content</Filter>
    </None>
    <None Include="..\..\_bin\main\dad\content\utility.header.hlsl">
      <Filter>content</Filter>
    </None>
    <None Include="..\..\_bin\main\dad\content\hemisphere.header.hlsl">
      <Filter>content</Filter>
    </None>
  </ItemGroup>
</Project>