<?xml version="1.0" encoding="utf-8"?>
<Project ToolsVersion="4.0" xmlns="http://schemas.microsoft.com/developer/msbuild/2003">
  <ItemGroup>
    <ClCompile Include="Main.cpp" />
    <ClCompile Include="Link.cpp" />
    <ClCompile Include="Machine.cpp" />
    <ClCompile Include="Graph.cpp" />
    <ClCompile Include="Evolver.cpp" />
    <ClCompile Include="Random.cpp" />
  </ItemGroup>
  <ItemGroup>
    <ClInclude Include="Graph.h" />
    <ClInclude Include="Machine.h" />
    <ClInclude Include="Evolver.h" />
    <ClInclude Include="Random.h" />
  </ItemGroup>
</Project>