
Microsoft Visual Studio Solution File, Format Version 12.00
# Visual Studio Version 17
VisualStudioVersion = 17.0.32014.148
MinimumVisualStudioVersion = 10.0.40219.1
Project("{2150E333-8FDC-42A3-9474-1A3956D46DE8}") = "main", "main", "{1D890CC8-E541-4435-B6EB-95CA5B48F03F}"
EndProject
Project("{2150E333-8FDC-42A3-9474-1A3956D46DE8}") = "lucid", "lucid", "{9ECDD0E9-A738-4037-A4C5-F5B9F7426513}"
EndProject
Project("{8BC9CEB8-8B4A-11D0-8D11-00A0C91BC942}") = "core", "main\lucid\core\core.vcxproj", "{36A0B0CE-4581-4060-B972-357FFD75C148}"
	ProjectSection(ProjectDependencies) = postProject
		{0F9E01BB-96CD-4B2A-A08B-5CF8CC2EE983} = {0F9E01BB-96CD-4B2A-A08B-5CF8CC2EE983}
	EndProjectSection
EndProject
Project("{8BC9CEB8-8B4A-11D0-8D11-00A0C91BC942}") = "core.win", "main\lucid\core.private\core.win\core.win.vcxproj", "{0F9E01BB-96CD-4B2A-A08B-5CF8CC2EE983}"
EndProject
Project("{2150E333-8FDC-42A3-9474-1A3956D46DE8}") = "core.private", "core.private", "{7D654740-4E9C-48A7-A718-18A77DC4B1C6}"
EndProject
Project("{8BC9CEB8-8B4A-11D0-8D11-00A0C91BC942}") = "math", "main\lucid\math\math.vcxproj", "{A0C6D287-9F0A-44C5-9B0E-69AD0625C453}"
EndProject
Project("{8BC9CEB8-8B4A-11D0-8D11-00A0C91BC942}") = "gal", "main\lucid\gal\gal.vcxproj", "{2D2B70A1-A57D-4440-84C8-48D699AC2344}"
	ProjectSection(ProjectDependencies) = postProject
		{CB260EC3-4274-49B8-AAA9-8999354808DF} = {CB260EC3-4274-49B8-AAA9-8999354808DF}
	EndProjectSection
EndProject
Project("{2150E333-8FDC-42A3-9474-1A3956D46DE8}") = "gal.private", "gal.private", "{ADB6B185-12AB-40CC-9AF8-E426BF6D645C}"
EndProject
Project("{8BC9CEB8-8B4A-11D0-8D11-00A0C91BC942}") = "gal.d3d11", "main\lucid\gal.private\gal.d3d11\gal.d3d11.vcxproj", "{CB260EC3-4274-49B8-AAA9-8999354808DF}"
EndProject
Project("{8BC9CEB8-8B4A-11D0-8D11-00A0C91BC942}") = "dad", "main\dad\dad.vcxproj", "{D7A8FE6A-0744-4D2C-ADF6-90CE54EE907F}"
	ProjectSection(ProjectDependencies) = postProject
		{BE23650D-5F0B-436D-A840-3023BE99C483} = {BE23650D-5F0B-436D-A840-3023BE99C483}
		{C0C10617-0A81-433B-BFA2-5177697D135B} = {C0C10617-0A81-433B-BFA2-5177697D135B}
		{A0C6D287-9F0A-44C5-9B0E-69AD0625C453} = {A0C6D287-9F0A-44C5-9B0E-69AD0625C453}
		{2D2B70A1-A57D-4440-84C8-48D699AC2344} = {2D2B70A1-A57D-4440-84C8-48D699AC2344}
		{0F9E01BB-96CD-4B2A-A08B-5CF8CC2EE983} = {0F9E01BB-96CD-4B2A-A08B-5CF8CC2EE983}
		{CB260EC3-4274-49B8-AAA9-8999354808DF} = {CB260EC3-4274-49B8-AAA9-8999354808DF}
		{36A0B0CE-4581-4060-B972-357FFD75C148} = {36A0B0CE-4581-4060-B972-357FFD75C148}
		{70F54DED-6034-471B-A9FA-EBDC3CD6C6DB} = {70F54DED-6034-471B-A9FA-EBDC3CD6C6DB}
	EndProjectSection
EndProject
Project("{8BC9CEB8-8B4A-11D0-8D11-00A0C91BC942}") = "gigl", "main\lucid\gigl\gigl.vcxproj", "{BE23650D-5F0B-436D-A840-3023BE99C483}"
EndProject
Project("{8BC9CEB8-8B4A-11D0-8D11-00A0C91BC942}") = "xpr", "main\lucid\xpr\xpr.vcxproj", "{C0C10617-0A81-433B-BFA2-5177697D135B}"
	ProjectSection(ProjectDependencies) = postProject
		{A0C6D287-9F0A-44C5-9B0E-69AD0625C453} = {A0C6D287-9F0A-44C5-9B0E-69AD0625C453}
		{0F9E01BB-96CD-4B2A-A08B-5CF8CC2EE983} = {0F9E01BB-96CD-4B2A-A08B-5CF8CC2EE983}
		{36A0B0CE-4581-4060-B972-357FFD75C148} = {36A0B0CE-4581-4060-B972-357FFD75C148}
	EndProjectSection
EndProject
Project("{8BC9CEB8-8B4A-11D0-8D11-00A0C91BC942}") = "orbit", "main\lucid\orbit\orbit.vcxproj", "{70F54DED-6034-471B-A9FA-EBDC3CD6C6DB}"
	ProjectSection(ProjectDependencies) = postProject
		{C0C10617-0A81-433B-BFA2-5177697D135B} = {C0C10617-0A81-433B-BFA2-5177697D135B}
		{A0C6D287-9F0A-44C5-9B0E-69AD0625C453} = {A0C6D287-9F0A-44C5-9B0E-69AD0625C453}
		{36A0B0CE-4581-4060-B972-357FFD75C148} = {36A0B0CE-4581-4060-B972-357FFD75C148}
	EndProjectSection
EndProject
Project("{8BC9CEB8-8B4A-11D0-8D11-00A0C91BC942}") = "units", "main\lucid\units\units.vcxproj", "{0D4BB2E2-C773-4B1B-AB4D-ED0A9490C1BB}"
EndProject
Project("{FAE04EC0-301F-11D3-BF4B-00C04F79EFBC}") = "omp", "main\omp\omp.csproj", "{0474B74A-7B93-42A6-BE88-A5DB079453AB}"
	ProjectSection(ProjectDependencies) = postProject
		{6E26BD67-6085-4AFC-B978-D5E9E0B1D193} = {6E26BD67-6085-4AFC-B978-D5E9E0B1D193}
		{5181ACC8-4F8B-4F48-87CF-09BE3ED8C510} = {5181ACC8-4F8B-4F48-87CF-09BE3ED8C510}
	EndProjectSection
EndProject
Project("{8BC9CEB8-8B4A-11D0-8D11-00A0C91BC942}") = "rnd", "main\rnd\rnd.vcxproj", "{1AF1697A-8B41-49EB-AFBB-95B194FD2E3C}"
	ProjectSection(ProjectDependencies) = postProject
		{BE23650D-5F0B-436D-A840-3023BE99C483} = {BE23650D-5F0B-436D-A840-3023BE99C483}
		{C0C10617-0A81-433B-BFA2-5177697D135B} = {C0C10617-0A81-433B-BFA2-5177697D135B}
		{A0C6D287-9F0A-44C5-9B0E-69AD0625C453} = {A0C6D287-9F0A-44C5-9B0E-69AD0625C453}
		{2D2B70A1-A57D-4440-84C8-48D699AC2344} = {2D2B70A1-A57D-4440-84C8-48D699AC2344}
		{4983A7BF-567F-497A-A343-6D716B0E2D0F} = {4983A7BF-567F-497A-A343-6D716B0E2D0F}
		{36A0B0CE-4581-4060-B972-357FFD75C148} = {36A0B0CE-4581-4060-B972-357FFD75C148}
		{0D4BB2E2-C773-4B1B-AB4D-ED0A9490C1BB} = {0D4BB2E2-C773-4B1B-AB4D-ED0A9490C1BB}
		{70F54DED-6034-471B-A9FA-EBDC3CD6C6DB} = {70F54DED-6034-471B-A9FA-EBDC3CD6C6DB}
	EndProjectSection
EndProject
Project("{8BC9CEB8-8B4A-11D0-8D11-00A0C91BC942}") = "rm", "main\lucid\rm\rm.vcxproj", "{4983A7BF-567F-497A-A343-6D716B0E2D0F}"
	ProjectSection(ProjectDependencies) = postProject
		{C0C10617-0A81-433B-BFA2-5177697D135B} = {C0C10617-0A81-433B-BFA2-5177697D135B}
		{A0C6D287-9F0A-44C5-9B0E-69AD0625C453} = {A0C6D287-9F0A-44C5-9B0E-69AD0625C453}
		{36A0B0CE-4581-4060-B972-357FFD75C148} = {36A0B0CE-4581-4060-B972-357FFD75C148}
	EndProjectSection
EndProject
Project("{8BC9CEB8-8B4A-11D0-8D11-00A0C91BC942}") = "content", "main\content\content.vcxproj", "{5181ACC8-4F8B-4F48-87CF-09BE3ED8C510}"
EndProject
Project("{8BC9CEB8-8B4A-11D0-8D11-00A0C91BC942}") = "managed", "main\lucid\managed\managed.vcxproj", "{6E26BD67-6085-4AFC-B978-D5E9E0B1D193}"
	ProjectSection(ProjectDependencies) = postProject
		{BE23650D-5F0B-436D-A840-3023BE99C483} = {BE23650D-5F0B-436D-A840-3023BE99C483}
		{A0C6D287-9F0A-44C5-9B0E-69AD0625C453} = {A0C6D287-9F0A-44C5-9B0E-69AD0625C453}
		{2D2B70A1-A57D-4440-84C8-48D699AC2344} = {2D2B70A1-A57D-4440-84C8-48D699AC2344}
		{36A0B0CE-4581-4060-B972-357FFD75C148} = {36A0B0CE-4581-4060-B972-357FFD75C148}
		{70F54DED-6034-471B-A9FA-EBDC3CD6C6DB} = {70F54DED-6034-471B-A9FA-EBDC3CD6C6DB}
	EndProjectSection
EndProject
Project("{FAE04EC0-301F-11D3-BF4B-00C04F79EFBC}") = "apk", "main\apk\apk.csproj", "{2F418BE6-361C-4186-83B7-AACEC7B0038E}"
EndProject
Global
	GlobalSection(SolutionConfigurationPlatforms) = preSolution
		Debug|Any CPU = Debug|Any CPU
		Debug|Mixed Platforms = Debug|Mixed Platforms
		Debug|Win32 = Debug|Win32
		Debug|x64 = Debug|x64
		Release|Any CPU = Release|Any CPU
		Release|Mixed Platforms = Release|Mixed Platforms
		Release|Win32 = Release|Win32
		Release|x64 = Release|x64
	EndGlobalSection
	GlobalSection(ProjectConfigurationPlatforms) = postSolution
		{36A0B0CE-4581-4060-B972-357FFD75C148}.Debug|Any CPU.ActiveCfg = Debug|Win32
		{36A0B0CE-4581-4060-B972-357FFD75C148}.Debug|Mixed Platforms.ActiveCfg = Debug|Win32
		{36A0B0CE-4581-4060-B972-357FFD75C148}.Debug|Mixed Platforms.Build.0 = Debug|Win32
		{36A0B0CE-4581-4060-B972-357FFD75C148}.Debug|Win32.ActiveCfg = Debug|Win32
		{36A0B0CE-4581-4060-B972-357FFD75C148}.Debug|Win32.Build.0 = Debug|Win32
		{36A0B0CE-4581-4060-B972-357FFD75C148}.Debug|x64.ActiveCfg = Debug|x64
		{36A0B0CE-4581-4060-B972-357FFD75C148}.Debug|x64.Build.0 = Debug|x64
		{36A0B0CE-4581-4060-B972-357FFD75C148}.Release|Any CPU.ActiveCfg = Release|Win32
		{36A0B0CE-4581-4060-B972-357FFD75C148}.Release|Mixed Platforms.ActiveCfg = Release|Win32
		{36A0B0CE-4581-4060-B972-357FFD75C148}.Release|Mixed Platforms.Build.0 = Release|Win32
		{36A0B0CE-4581-4060-B972-357FFD75C148}.Release|Win32.ActiveCfg = Release|Win32
		{36A0B0CE-4581-4060-B972-357FFD75C148}.Release|Win32.Build.0 = Release|Win32
		{36A0B0CE-4581-4060-B972-357FFD75C148}.Release|x64.ActiveCfg = Release|x64
		{36A0B0CE-4581-4060-B972-357FFD75C148}.Release|x64.Build.0 = Release|x64
		{0F9E01BB-96CD-4B2A-A08B-5CF8CC2EE983}.Debug|Any CPU.ActiveCfg = Debug|Win32
		{0F9E01BB-96CD-4B2A-A08B-5CF8CC2EE983}.Debug|Mixed Platforms.ActiveCfg = Debug|Win32
		{0F9E01BB-96CD-4B2A-A08B-5CF8CC2EE983}.Debug|Mixed Platforms.Build.0 = Debug|Win32
		{0F9E01BB-96CD-4B2A-A08B-5CF8CC2EE983}.Debug|Win32.ActiveCfg = Debug|Win32
		{0F9E01BB-96CD-4B2A-A08B-5CF8CC2EE983}.Debug|Win32.Build.0 = Debug|Win32
		{0F9E01BB-96CD-4B2A-A08B-5CF8CC2EE983}.Debug|x64.ActiveCfg = Debug|x64
		{0F9E01BB-96CD-4B2A-A08B-5CF8CC2EE983}.Debug|x64.Build.0 = Debug|x64
		{0F9E01BB-96CD-4B2A-A08B-5CF8CC2EE983}.Release|Any CPU.ActiveCfg = Release|Win32
		{0F9E01BB-96CD-4B2A-A08B-5CF8CC2EE983}.Release|Mixed Platforms.ActiveCfg = Release|Win32
		{0F9E01BB-96CD-4B2A-A08B-5CF8CC2EE983}.Release|Mixed Platforms.Build.0 = Release|Win32
		{0F9E01BB-96CD-4B2A-A08B-5CF8CC2EE983}.Release|Win32.ActiveCfg = Release|Win32
		{0F9E01BB-96CD-4B2A-A08B-5CF8CC2EE983}.Release|Win32.Build.0 = Release|Win32
		{0F9E01BB-96CD-4B2A-A08B-5CF8CC2EE983}.Release|x64.ActiveCfg = Release|x64
		{0F9E01BB-96CD-4B2A-A08B-5CF8CC2EE983}.Release|x64.Build.0 = Release|x64
		{A0C6D287-9F0A-44C5-9B0E-69AD0625C453}.Debug|Any CPU.ActiveCfg = Debug|Win32
		{A0C6D287-9F0A-44C5-9B0E-69AD0625C453}.Debug|Mixed Platforms.ActiveCfg = Debug|Win32
		{A0C6D287-9F0A-44C5-9B0E-69AD0625C453}.Debug|Mixed Platforms.Build.0 = Debug|Win32
		{A0C6D287-9F0A-44C5-9B0E-69AD0625C453}.Debug|Win32.ActiveCfg = Debug|Win32
		{A0C6D287-9F0A-44C5-9B0E-69AD0625C453}.Debug|Win32.Build.0 = Debug|Win32
		{A0C6D287-9F0A-44C5-9B0E-69AD0625C453}.Debug|x64.ActiveCfg = Debug|x64
		{A0C6D287-9F0A-44C5-9B0E-69AD0625C453}.Debug|x64.Build.0 = Debug|x64
		{A0C6D287-9F0A-44C5-9B0E-69AD0625C453}.Release|Any CPU.ActiveCfg = Release|Win32
		{A0C6D287-9F0A-44C5-9B0E-69AD0625C453}.Release|Mixed Platforms.ActiveCfg = Release|Win32
		{A0C6D287-9F0A-44C5-9B0E-69AD0625C453}.Release|Mixed Platforms.Build.0 = Release|Win32
		{A0C6D287-9F0A-44C5-9B0E-69AD0625C453}.Release|Win32.ActiveCfg = Release|Win32
		{A0C6D287-9F0A-44C5-9B0E-69AD0625C453}.Release|Win32.Build.0 = Release|Win32
		{A0C6D287-9F0A-44C5-9B0E-69AD0625C453}.Release|x64.ActiveCfg = Release|x64
		{A0C6D287-9F0A-44C5-9B0E-69AD0625C453}.Release|x64.Build.0 = Release|x64
		{2D2B70A1-A57D-4440-84C8-48D699AC2344}.Debug|Any CPU.ActiveCfg = Debug|Win32
		{2D2B70A1-A57D-4440-84C8-48D699AC2344}.Debug|Mixed Platforms.ActiveCfg = Debug|Win32
		{2D2B70A1-A57D-4440-84C8-48D699AC2344}.Debug|Mixed Platforms.Build.0 = Debug|Win32
		{2D2B70A1-A57D-4440-84C8-48D699AC2344}.Debug|Win32.ActiveCfg = Debug|Win32
		{2D2B70A1-A57D-4440-84C8-48D699AC2344}.Debug|Win32.Build.0 = Debug|Win32
		{2D2B70A1-A57D-4440-84C8-48D699AC2344}.Debug|x64.ActiveCfg = Debug|x64
		{2D2B70A1-A57D-4440-84C8-48D699AC2344}.Debug|x64.Build.0 = Debug|x64
		{2D2B70A1-A57D-4440-84C8-48D699AC2344}.Release|Any CPU.ActiveCfg = Release|Win32
		{2D2B70A1-A57D-4440-84C8-48D699AC2344}.Release|Mixed Platforms.ActiveCfg = Release|Win32
		{2D2B70A1-A57D-4440-84C8-48D699AC2344}.Release|Mixed Platforms.Build.0 = Release|Win32
		{2D2B70A1-A57D-4440-84C8-48D699AC2344}.Release|Win32.ActiveCfg = Release|Win32
		{2D2B70A1-A57D-4440-84C8-48D699AC2344}.Release|Win32.Build.0 = Release|Win32
		{2D2B70A1-A57D-4440-84C8-48D699AC2344}.Release|x64.ActiveCfg = Release|x64
		{2D2B70A1-A57D-4440-84C8-48D699AC2344}.Release|x64.Build.0 = Release|x64
		{CB260EC3-4274-49B8-AAA9-8999354808DF}.Debug|Any CPU.ActiveCfg = Debug|Win32
		{CB260EC3-4274-49B8-AAA9-8999354808DF}.Debug|Mixed Platforms.ActiveCfg = Debug|Win32
		{CB260EC3-4274-49B8-AAA9-8999354808DF}.Debug|Mixed Platforms.Build.0 = Debug|Win32
		{CB260EC3-4274-49B8-AAA9-8999354808DF}.Debug|Win32.ActiveCfg = Debug|Win32
		{CB260EC3-4274-49B8-AAA9-8999354808DF}.Debug|Win32.Build.0 = Debug|Win32
		{CB260EC3-4274-49B8-AAA9-8999354808DF}.Debug|x64.ActiveCfg = Debug|x64
		{CB260EC3-4274-49B8-AAA9-8999354808DF}.Debug|x64.Build.0 = Debug|x64
		{CB260EC3-4274-49B8-AAA9-8999354808DF}.Release|Any CPU.ActiveCfg = Release|Win32
		{CB260EC3-4274-49B8-AAA9-8999354808DF}.Release|Mixed Platforms.ActiveCfg = Release|Win32
		{CB260EC3-4274-49B8-AAA9-8999354808DF}.Release|Mixed Platforms.Build.0 = Release|Win32
		{CB260EC3-4274-49B8-AAA9-8999354808DF}.Release|Win32.ActiveCfg = Release|Win32
		{CB260EC3-4274-49B8-AAA9-8999354808DF}.Release|Win32.Build.0 = Release|Win32
		{CB260EC3-4274-49B8-AAA9-8999354808DF}.Release|x64.ActiveCfg = Release|x64
		{CB260EC3-4274-49B8-AAA9-8999354808DF}.Release|x64.Build.0 = Release|x64
		{D7A8FE6A-0744-4D2C-ADF6-90CE54EE907F}.Debug|Any CPU.ActiveCfg = Debug|Win32
		{D7A8FE6A-0744-4D2C-ADF6-90CE54EE907F}.Debug|Mixed Platforms.ActiveCfg = Debug|Win32
		{D7A8FE6A-0744-4D2C-ADF6-90CE54EE907F}.Debug|Mixed Platforms.Build.0 = Debug|Win32
		{D7A8FE6A-0744-4D2C-ADF6-90CE54EE907F}.Debug|Win32.ActiveCfg = Debug|Win32
		{D7A8FE6A-0744-4D2C-ADF6-90CE54EE907F}.Debug|Win32.Build.0 = Debug|Win32
		{D7A8FE6A-0744-4D2C-ADF6-90CE54EE907F}.Debug|x64.ActiveCfg = Debug|x64
		{D7A8FE6A-0744-4D2C-ADF6-90CE54EE907F}.Debug|x64.Build.0 = Debug|x64
		{D7A8FE6A-0744-4D2C-ADF6-90CE54EE907F}.Release|Any CPU.ActiveCfg = Release|Win32
		{D7A8FE6A-0744-4D2C-ADF6-90CE54EE907F}.Release|Mixed Platforms.ActiveCfg = Release|Win32
		{D7A8FE6A-0744-4D2C-ADF6-90CE54EE907F}.Release|Mixed Platforms.Build.0 = Release|Win32
		{D7A8FE6A-0744-4D2C-ADF6-90CE54EE907F}.Release|Win32.ActiveCfg = Release|Win32
		{D7A8FE6A-0744-4D2C-ADF6-90CE54EE907F}.Release|Win32.Build.0 = Release|Win32
		{D7A8FE6A-0744-4D2C-ADF6-90CE54EE907F}.Release|x64.ActiveCfg = Release|x64
		{D7A8FE6A-0744-4D2C-ADF6-90CE54EE907F}.Release|x64.Build.0 = Release|x64
		{BE23650D-5F0B-436D-A840-3023BE99C483}.Debug|Any CPU.ActiveCfg = Debug|Win32
		{BE23650D-5F0B-436D-A840-3023BE99C483}.Debug|Mixed Platforms.ActiveCfg = Debug|Win32
		{BE23650D-5F0B-436D-A840-3023BE99C483}.Debug|Mixed Platforms.Build.0 = Debug|Win32
		{BE23650D-5F0B-436D-A840-3023BE99C483}.Debug|Win32.ActiveCfg = Debug|Win32
		{BE23650D-5F0B-436D-A840-3023BE99C483}.Debug|Win32.Build.0 = Debug|Win32
		{BE23650D-5F0B-436D-A840-3023BE99C483}.Debug|x64.ActiveCfg = Debug|x64
		{BE23650D-5F0B-436D-A840-3023BE99C483}.Debug|x64.Build.0 = Debug|x64
		{BE23650D-5F0B-436D-A840-3023BE99C483}.Release|Any CPU.ActiveCfg = Release|Win32
		{BE23650D-5F0B-436D-A840-3023BE99C483}.Release|Mixed Platforms.ActiveCfg = Release|Win32
		{BE23650D-5F0B-436D-A840-3023BE99C483}.Release|Mixed Platforms.Build.0 = Release|Win32
		{BE23650D-5F0B-436D-A840-3023BE99C483}.Release|Win32.ActiveCfg = Release|Win32
		{BE23650D-5F0B-436D-A840-3023BE99C483}.Release|Win32.Build.0 = Release|Win32
		{BE23650D-5F0B-436D-A840-3023BE99C483}.Release|x64.ActiveCfg = Release|x64
		{BE23650D-5F0B-436D-A840-3023BE99C483}.Release|x64.Build.0 = Release|x64
		{C0C10617-0A81-433B-BFA2-5177697D135B}.Debug|Any CPU.ActiveCfg = Debug|Win32
		{C0C10617-0A81-433B-BFA2-5177697D135B}.Debug|Mixed Platforms.ActiveCfg = Debug|Win32
		{C0C10617-0A81-433B-BFA2-5177697D135B}.Debug|Mixed Platforms.Build.0 = Debug|Win32
		{C0C10617-0A81-433B-BFA2-5177697D135B}.Debug|Win32.ActiveCfg = Debug|Win32
		{C0C10617-0A81-433B-BFA2-5177697D135B}.Debug|Win32.Build.0 = Debug|Win32
		{C0C10617-0A81-433B-BFA2-5177697D135B}.Debug|x64.ActiveCfg = Debug|x64
		{C0C10617-0A81-433B-BFA2-5177697D135B}.Debug|x64.Build.0 = Debug|x64
		{C0C10617-0A81-433B-BFA2-5177697D135B}.Release|Any CPU.ActiveCfg = Release|Win32
		{C0C10617-0A81-433B-BFA2-5177697D135B}.Release|Mixed Platforms.ActiveCfg = Release|Win32
		{C0C10617-0A81-433B-BFA2-5177697D135B}.Release|Mixed Platforms.Build.0 = Release|Win32
		{C0C10617-0A81-433B-BFA2-5177697D135B}.Release|Win32.ActiveCfg = Release|Win32
		{C0C10617-0A81-433B-BFA2-5177697D135B}.Release|Win32.Build.0 = Release|Win32
		{C0C10617-0A81-433B-BFA2-5177697D135B}.Release|x64.ActiveCfg = Release|x64
		{C0C10617-0A81-433B-BFA2-5177697D135B}.Release|x64.Build.0 = Release|x64
		{70F54DED-6034-471B-A9FA-EBDC3CD6C6DB}.Debug|Any CPU.ActiveCfg = Debug|Win32
		{70F54DED-6034-471B-A9FA-EBDC3CD6C6DB}.Debug|Mixed Platforms.ActiveCfg = Debug|Win32
		{70F54DED-6034-471B-A9FA-EBDC3CD6C6DB}.Debug|Mixed Platforms.Build.0 = Debug|Win32
		{70F54DED-6034-471B-A9FA-EBDC3CD6C6DB}.Debug|Win32.ActiveCfg = Debug|Win32
		{70F54DED-6034-471B-A9FA-EBDC3CD6C6DB}.Debug|Win32.Build.0 = Debug|Win32
		{70F54DED-6034-471B-A9FA-EBDC3CD6C6DB}.Debug|x64.ActiveCfg = Debug|x64
		{70F54DED-6034-471B-A9FA-EBDC3CD6C6DB}.Debug|x64.Build.0 = Debug|x64
		{70F54DED-6034-471B-A9FA-EBDC3CD6C6DB}.Release|Any CPU.ActiveCfg = Release|Win32
		{70F54DED-6034-471B-A9FA-EBDC3CD6C6DB}.Release|Mixed Platforms.ActiveCfg = Release|Win32
		{70F54DED-6034-471B-A9FA-EBDC3CD6C6DB}.Release|Mixed Platforms.Build.0 = Release|Win32
		{70F54DED-6034-471B-A9FA-EBDC3CD6C6DB}.Release|Win32.ActiveCfg = Release|Win32
		{70F54DED-6034-471B-A9FA-EBDC3CD6C6DB}.Release|Win32.Build.0 = Release|Win32
		{70F54DED-6034-471B-A9FA-EBDC3CD6C6DB}.Release|x64.ActiveCfg = Release|x64
		{70F54DED-6034-471B-A9FA-EBDC3CD6C6DB}.Release|x64.Build.0 = Release|x64
		{0D4BB2E2-C773-4B1B-AB4D-ED0A9490C1BB}.Debug|Any CPU.ActiveCfg = Debug|Win32
		{0D4BB2E2-C773-4B1B-AB4D-ED0A9490C1BB}.Debug|Mixed Platforms.ActiveCfg = Debug|Win32
		{0D4BB2E2-C773-4B1B-AB4D-ED0A9490C1BB}.Debug|Mixed Platforms.Build.0 = Debug|Win32
		{0D4BB2E2-C773-4B1B-AB4D-ED0A9490C1BB}.Debug|Win32.ActiveCfg = Debug|Win32
		{0D4BB2E2-C773-4B1B-AB4D-ED0A9490C1BB}.Debug|Win32.Build.0 = Debug|Win32
		{0D4BB2E2-C773-4B1B-AB4D-ED0A9490C1BB}.Debug|x64.ActiveCfg = Debug|x64
		{0D4BB2E2-C773-4B1B-AB4D-ED0A9490C1BB}.Debug|x64.Build.0 = Debug|x64
		{0D4BB2E2-C773-4B1B-AB4D-ED0A9490C1BB}.Release|Any CPU.ActiveCfg = Release|Win32
		{0D4BB2E2-C773-4B1B-AB4D-ED0A9490C1BB}.Release|Mixed Platforms.ActiveCfg = Release|Win32
		{0D4BB2E2-C773-4B1B-AB4D-ED0A9490C1BB}.Release|Mixed Platforms.Build.0 = Release|Win32
		{0D4BB2E2-C773-4B1B-AB4D-ED0A9490C1BB}.Release|Win32.ActiveCfg = Release|Win32
		{0D4BB2E2-C773-4B1B-AB4D-ED0A9490C1BB}.Release|Win32.Build.0 = Release|Win32
		{0D4BB2E2-C773-4B1B-AB4D-ED0A9490C1BB}.Release|x64.ActiveCfg = Release|x64
		{0D4BB2E2-C773-4B1B-AB4D-ED0A9490C1BB}.Release|x64.Build.0 = Release|x64
		{0474B74A-7B93-42A6-BE88-A5DB079453AB}.Debug|Any CPU.ActiveCfg = Debug|Any CPU
		{0474B74A-7B93-42A6-BE88-A5DB079453AB}.Debug|Any CPU.Build.0 = Debug|Any CPU
		{0474B74A-7B93-42A6-BE88-A5DB079453AB}.Debug|Mixed Platforms.ActiveCfg = Debug|Any CPU
		{0474B74A-7B93-42A6-BE88-A5DB079453AB}.Debug|Mixed Platforms.Build.0 = Debug|Any CPU
		{0474B74A-7B93-42A6-BE88-A5DB079453AB}.Debug|Win32.ActiveCfg = Debug|Any CPU
		{0474B74A-7B93-42A6-BE88-A5DB079453AB}.Debug|Win32.Build.0 = Debug|Any CPU
		{0474B74A-7B93-42A6-BE88-A5DB079453AB}.Debug|x64.ActiveCfg = Debug|Any CPU
		{0474B74A-7B93-42A6-BE88-A5DB079453AB}.Debug|x64.Build.0 = Debug|Any CPU
		{0474B74A-7B93-42A6-BE88-A5DB079453AB}.Release|Any CPU.ActiveCfg = Release|Any CPU
		{0474B74A-7B93-42A6-BE88-A5DB079453AB}.Release|Any CPU.Build.0 = Release|Any CPU
		{0474B74A-7B93-42A6-BE88-A5DB079453AB}.Release|Mixed Platforms.ActiveCfg = Release|Any CPU
		{0474B74A-7B93-42A6-BE88-A5DB079453AB}.Release|Mixed Platforms.Build.0 = Release|Any CPU
		{0474B74A-7B93-42A6-BE88-A5DB079453AB}.Release|Win32.ActiveCfg = Release|Any CPU
		{0474B74A-7B93-42A6-BE88-A5DB079453AB}.Release|Win32.Build.0 = Release|Any CPU
		{0474B74A-7B93-42A6-BE88-A5DB079453AB}.Release|x64.ActiveCfg = Release|Any CPU
		{0474B74A-7B93-42A6-BE88-A5DB079453AB}.Release|x64.Build.0 = Release|Any CPU
		{1AF1697A-8B41-49EB-AFBB-95B194FD2E3C}.Debug|Any CPU.ActiveCfg = Debug|Win32
		{1AF1697A-8B41-49EB-AFBB-95B194FD2E3C}.Debug|Mixed Platforms.ActiveCfg = Debug|Win32
		{1AF1697A-8B41-49EB-AFBB-95B194FD2E3C}.Debug|Mixed Platforms.Build.0 = Debug|Win32
		{1AF1697A-8B41-49EB-AFBB-95B194FD2E3C}.Debug|Win32.ActiveCfg = Debug|Win32
		{1AF1697A-8B41-49EB-AFBB-95B194FD2E3C}.Debug|Win32.Build.0 = Debug|Win32
		{1AF1697A-8B41-49EB-AFBB-95B194FD2E3C}.Debug|x64.ActiveCfg = Debug|x64
		{1AF1697A-8B41-49EB-AFBB-95B194FD2E3C}.Debug|x64.Build.0 = Debug|x64
		{1AF1697A-8B41-49EB-AFBB-95B194FD2E3C}.Release|Any CPU.ActiveCfg = Release|Win32
		{1AF1697A-8B41-49EB-AFBB-95B194FD2E3C}.Release|Mixed Platforms.ActiveCfg = Release|Win32
		{1AF1697A-8B41-49EB-AFBB-95B194FD2E3C}.Release|Mixed Platforms.Build.0 = Release|Win32
		{1AF1697A-8B41-49EB-AFBB-95B194FD2E3C}.Release|Win32.ActiveCfg = Release|Win32
		{1AF1697A-8B41-49EB-AFBB-95B194FD2E3C}.Release|Win32.Build.0 = Release|Win32
		{1AF1697A-8B41-49EB-AFBB-95B194FD2E3C}.Release|x64.ActiveCfg = Release|x64
		{1AF1697A-8B41-49EB-AFBB-95B194FD2E3C}.Release|x64.Build.0 = Release|x64
		{4983A7BF-567F-497A-A343-6D716B0E2D0F}.Debug|Any CPU.ActiveCfg = Debug|x64
		{4983A7BF-567F-497A-A343-6D716B0E2D0F}.Debug|Any CPU.Build.0 = Debug|x64
		{4983A7BF-567F-497A-A343-6D716B0E2D0F}.Debug|Mixed Platforms.ActiveCfg = Debug|x64
		{4983A7BF-567F-497A-A343-6D716B0E2D0F}.Debug|Mixed Platforms.Build.0 = Debug|x64
		{4983A7BF-567F-497A-A343-6D716B0E2D0F}.Debug|Win32.ActiveCfg = Debug|Win32
		{4983A7BF-567F-497A-A343-6D716B0E2D0F}.Debug|Win32.Build.0 = Debug|Win32
		{4983A7BF-567F-497A-A343-6D716B0E2D0F}.Debug|x64.ActiveCfg = Debug|x64
		{4983A7BF-567F-497A-A343-6D716B0E2D0F}.Debug|x64.Build.0 = Debug|x64
		{4983A7BF-567F-497A-A343-6D716B0E2D0F}.Release|Any CPU.ActiveCfg = Release|x64
		{4983A7BF-567F-497A-A343-6D716B0E2D0F}.Release|Any CPU.Build.0 = Release|x64
		{4983A7BF-567F-497A-A343-6D716B0E2D0F}.Release|Mixed Platforms.ActiveCfg = Release|x64
		{4983A7BF-567F-497A-A343-6D716B0E2D0F}.Release|Mixed Platforms.Build.0 = Release|x64
		{4983A7BF-567F-497A-A343-6D716B0E2D0F}.Release|Win32.ActiveCfg = Release|Win32
		{4983A7BF-567F-497A-A343-6D716B0E2D0F}.Release|Win32.Build.0 = Release|Win32
		{4983A7BF-567F-497A-A343-6D716B0E2D0F}.Release|x64.ActiveCfg = Release|x64
		{4983A7BF-567F-497A-A343-6D716B0E2D0F}.Release|x64.Build.0 = Release|x64
		{5181ACC8-4F8B-4F48-87CF-09BE3ED8C510}.Debug|Any CPU.ActiveCfg = Debug|x64
		{5181ACC8-4F8B-4F48-87CF-09BE3ED8C510}.Debug|Any CPU.Build.0 = Debug|x64
		{5181ACC8-4F8B-4F48-87CF-09BE3ED8C510}.Debug|Mixed Platforms.ActiveCfg = Debug|x64
		{5181ACC8-4F8B-4F48-87CF-09BE3ED8C510}.Debug|Mixed Platforms.Build.0 = Debug|x64
		{5181ACC8-4F8B-4F48-87CF-09BE3ED8C510}.Debug|Win32.ActiveCfg = Debug|Win32
		{5181ACC8-4F8B-4F48-87CF-09BE3ED8C510}.Debug|Win32.Build.0 = Debug|Win32
		{5181ACC8-4F8B-4F48-87CF-09BE3ED8C510}.Debug|x64.ActiveCfg = Debug|x64
		{5181ACC8-4F8B-4F48-87CF-09BE3ED8C510}.Debug|x64.Build.0 = Debug|x64
		{5181ACC8-4F8B-4F48-87CF-09BE3ED8C510}.Release|Any CPU.ActiveCfg = Release|x64
		{5181ACC8-4F8B-4F48-87CF-09BE3ED8C510}.Release|Any CPU.Build.0 = Release|x64
		{5181ACC8-4F8B-4F48-87CF-09BE3ED8C510}.Release|Mixed Platforms.ActiveCfg = Release|x64
		{5181ACC8-4F8B-4F48-87CF-09BE3ED8C510}.Release|Mixed Platforms.Build.0 = Release|x64
		{5181ACC8-4F8B-4F48-87CF-09BE3ED8C510}.Release|Win32.ActiveCfg = Release|Win32
		{5181ACC8-4F8B-4F48-87CF-09BE3ED8C510}.Release|Win32.Build.0 = Release|Win32
		{5181ACC8-4F8B-4F48-87CF-09BE3ED8C510}.Release|x64.ActiveCfg = Release|x64
		{5181ACC8-4F8B-4F48-87CF-09BE3ED8C510}.Release|x64.Build.0 = Release|x64
		{6E26BD67-6085-4AFC-B978-D5E9E0B1D193}.Debug|Any CPU.ActiveCfg = Debug|x64
		{6E26BD67-6085-4AFC-B978-D5E9E0B1D193}.Debug|Any CPU.Build.0 = Debug|x64
		{6E26BD67-6085-4AFC-B978-D5E9E0B1D193}.Debug|Mixed Platforms.ActiveCfg = Debug|x64
		{6E26BD67-6085-4AFC-B978-D5E9E0B1D193}.Debug|Mixed Platforms.Build.0 = Debug|x64
		{6E26BD67-6085-4AFC-B978-D5E9E0B1D193}.Debug|Win32.ActiveCfg = Debug|Win32
		{6E26BD67-6085-4AFC-B978-D5E9E0B1D193}.Debug|Win32.Build.0 = Debug|Win32
		{6E26BD67-6085-4AFC-B978-D5E9E0B1D193}.Debug|x64.ActiveCfg = Debug|x64
		{6E26BD67-6085-4AFC-B978-D5E9E0B1D193}.Debug|x64.Build.0 = Debug|x64
		{6E26BD67-6085-4AFC-B978-D5E9E0B1D193}.Release|Any CPU.ActiveCfg = Release|x64
		{6E26BD67-6085-4AFC-B978-D5E9E0B1D193}.Release|Any CPU.Build.0 = Release|x64
		{6E26BD67-6085-4AFC-B978-D5E9E0B1D193}.Release|Mixed Platforms.ActiveCfg = Release|x64
		{6E26BD67-6085-4AFC-B978-D5E9E0B1D193}.Release|Mixed Platforms.Build.0 = Release|x64
		{6E26BD67-6085-4AFC-B978-D5E9E0B1D193}.Release|Win32.ActiveCfg = Release|Win32
		{6E26BD67-6085-4AFC-B978-D5E9E0B1D193}.Release|Win32.Build.0 = Release|Win32
		{6E26BD67-6085-4AFC-B978-D5E9E0B1D193}.Release|x64.ActiveCfg = Release|x64
		{6E26BD67-6085-4AFC-B978-D5E9E0B1D193}.Release|x64.Build.0 = Release|x64
		{2F418BE6-361C-4186-83B7-AACEC7B0038E}.Debug|Any CPU.ActiveCfg = Debug|Any CPU
		{2F418BE6-361C-4186-83B7-AACEC7B0038E}.Debug|Any CPU.Build.0 = Debug|Any CPU
		{2F418BE6-361C-4186-83B7-AACEC7B0038E}.Debug|Mixed Platforms.ActiveCfg = Debug|Any CPU
		{2F418BE6-361C-4186-83B7-AACEC7B0038E}.Debug|Mixed Platforms.Build.0 = Debug|Any CPU
		{2F418BE6-361C-4186-83B7-AACEC7B0038E}.Debug|Win32.ActiveCfg = Debug|Any CPU
		{2F418BE6-361C-4186-83B7-AACEC7B0038E}.Debug|Win32.Build.0 = Debug|Any CPU
		{2F418BE6-361C-4186-83B7-AACEC7B0038E}.Debug|x64.ActiveCfg = Debug|Any CPU
		{2F418BE6-361C-4186-83B7-AACEC7B0038E}.Debug|x64.Build.0 = Debug|Any CPU
		{2F418BE6-361C-4186-83B7-AACEC7B0038E}.Release|Any CPU.ActiveCfg = Release|Any CPU
		{2F418BE6-361C-4186-83B7-AACEC7B0038E}.Release|Any CPU.Build.0 = Release|Any CPU
		{2F418BE6-361C-4186-83B7-AACEC7B0038E}.Release|Mixed Platforms.ActiveCfg = Release|Any CPU
		{2F418BE6-361C-4186-83B7-AACEC7B0038E}.Release|Mixed Platforms.Build.0 = Release|Any CPU
		{2F418BE6-361C-4186-83B7-AACEC7B0038E}.Release|Win32.ActiveCfg = Release|Any CPU
		{2F418BE6-361C-4186-83B7-AACEC7B0038E}.Release|Win32.Build.0 = Release|Any CPU
		{2F418BE6-361C-4186-83B7-AACEC7B0038E}.Release|x64.ActiveCfg = Release|Any CPU
		{2F418BE6-361C-4186-83B7-AACEC7B0038E}.Release|x64.Build.0 = Release|Any CPU
	EndGlobalSection
	GlobalSection(SolutionProperties) = preSolution
		HideSolutionNode = FALSE
	EndGlobalSection
	GlobalSection(NestedProjects) = preSolution
		{9ECDD0E9-A738-4037-A4C5-F5B9F7426513} = {1D890CC8-E541-4435-B6EB-95CA5B48F03F}
		{36A0B0CE-4581-4060-B972-357FFD75C148} = {9ECDD0E9-A738-4037-A4C5-F5B9F7426513}
		{0F9E01BB-96CD-4B2A-A08B-5CF8CC2EE983} = {7D654740-4E9C-48A7-A718-18A77DC4B1C6}
		{7D654740-4E9C-48A7-A718-18A77DC4B1C6} = {9ECDD0E9-A738-4037-A4C5-F5B9F7426513}
		{A0C6D287-9F0A-44C5-9B0E-69AD0625C453} = {9ECDD0E9-A738-4037-A4C5-F5B9F7426513}
		{2D2B70A1-A57D-4440-84C8-48D699AC2344} = {9ECDD0E9-A738-4037-A4C5-F5B9F7426513}
		{ADB6B185-12AB-40CC-9AF8-E426BF6D645C} = {9ECDD0E9-A738-4037-A4C5-F5B9F7426513}
		{CB260EC3-4274-49B8-AAA9-8999354808DF} = {ADB6B185-12AB-40CC-9AF8-E426BF6D645C}
		{D7A8FE6A-0744-4D2C-ADF6-90CE54EE907F} = {1D890CC8-E541-4435-B6EB-95CA5B48F03F}
		{BE23650D-5F0B-436D-A840-3023BE99C483} = {9ECDD0E9-A738-4037-A4C5-F5B9F7426513}
		{C0C10617-0A81-433B-BFA2-5177697D135B} = {9ECDD0E9-A738-4037-A4C5-F5B9F7426513}
		{70F54DED-6034-471B-A9FA-EBDC3CD6C6DB} = {9ECDD0E9-A738-4037-A4C5-F5B9F7426513}
		{0D4BB2E2-C773-4B1B-AB4D-ED0A9490C1BB} = {9ECDD0E9-A738-4037-A4C5-F5B9F7426513}
		{0474B74A-7B93-42A6-BE88-A5DB079453AB} = {1D890CC8-E541-4435-B6EB-95CA5B48F03F}
		{1AF1697A-8B41-49EB-AFBB-95B194FD2E3C} = {1D890CC8-E541-4435-B6EB-95CA5B48F03F}
		{4983A7BF-567F-497A-A343-6D716B0E2D0F} = {9ECDD0E9-A738-4037-A4C5-F5B9F7426513}
		{5181ACC8-4F8B-4F48-87CF-09BE3ED8C510} = {1D890CC8-E541-4435-B6EB-95CA5B48F03F}
		{6E26BD67-6085-4AFC-B978-D5E9E0B1D193} = {9ECDD0E9-A738-4037-A4C5-F5B9F7426513}
		{2F418BE6-361C-4186-83B7-AACEC7B0038E} = {1D890CC8-E541-4435-B6EB-95CA5B48F03F}
	EndGlobalSection
	GlobalSection(ExtensibilityGlobals) = postSolution
		SolutionGuid = {A18C765A-B93D-4069-AA53-3FFD5D47688E}
	EndGlobalSection
EndGlobal
