<?xml version="1.0" encoding="utf-8"?>
<Project ToolsVersion="4.0" xmlns="http://schemas.microsoft.com/developer/msbuild/2003">
  <ItemGroup>
    <ClInclude Include="Clock.h" />
    <ClInclude Include="Noncopyable.h" />
    <ClInclude Include="Error.h" />
    <ClInclude Include="Types.h" />
    <ClInclude Include="Reader.h" />
    <ClInclude Include="Identity.h" />
    <ClInclude Include="FileWriter.h" />
    <ClInclude Include="Logger.h" />
    <ClInclude Include="Writer.h" />
    <ClInclude Include="FileReader.h" />
    <ClInclude Include="Ctor.h" />
    <ClInclude Include="Factory.h" />
    <ClInclude Include="Cache.h" />
    <ClInclude Include="FileSystem.h" />
    <ClInclude Include="Queue.h" />
    <ClInclude Include="Stack.h" />
    <ClInclude Include="Profiler.h" />
    <ClInclude Include="Array.h" />
    <ClInclude Include="Meta.h" />
    <ClInclude Include="Noncreatable.h" />
    <ClInclude Include="String.h" />
    <ClInclude Include="Bits.h" />
    <ClInclude Include="Random.h" />
    <ClInclude Include="Numbers.h" />
    <ClInclude Include="Defines.h" />
  </ItemGroup>
  <ItemGroup>
    <ClCompile Include="Error.cpp" />
    <ClCompile Include="Logger.cpp" />
    <ClCompile Include="FileReader.cpp" />
    <ClCompile Include="FileWriter.cpp" />
    <ClCompile Include="Profiler.cpp" />
    <ClCompile Include="Bits.cpp" />
    <ClCompile Include="Random.cpp" />
  </ItemGroup>
</Project>