<?xml version="1.0" encoding="utf-8"?>
<Project ToolsVersion="4.0" xmlns="http://schemas.microsoft.com/developer/msbuild/2003">
  <ItemGroup>
    <ClInclude Include="Frame.h" />
    <ClInclude Include="Types.h" />
    <ClInclude Include="Ephemeris.h" />
    <ClInclude Include="Elements.h" />
    <ClInclude Include="Properties.h" />
    <ClInclude Include="Constants.h" />
    <ClInclude Include="Algorithm.h" />
    <ClInclude Include="Simulator.h" />
    <ClInclude Include="Utility.h" />
    <ClInclude Include="Renderer.h" />
    <ClInclude Include="Octree.h" />
    <ClInclude Include="DetailLevels.h" />
    <ClInclude Include="StarCatalog.h" />
    <ClInclude Include="Selection.h" />
    <ClInclude Include="Mechanics.h" />
    <ClInclude Include="Callout.h" />
  </ItemGroup>
  <ItemGroup>
    <ClCompile Include="Frame.cpp" />
    <ClCompile Include="Ephemeris.cpp" />
    <ClCompile Include="Simulator.cpp" />
    <ClCompile Include="Renderer.cpp" />
    <ClCompile Include="Octree.cpp" />
    <ClCompile Include="DetailLevels.cpp" />
    <ClCompile Include="StarCatalog.cpp" />
    <ClCompile Include="Mechanics.cpp" />
    <ClCompile Include="Callout.cpp" />
  </ItemGroup>
</Project>