<?xml version="1.0" encoding="utf-8"?>
<Project ToolsVersion="4.0" xmlns="http://schemas.microsoft.com/developer/msbuild/2003">
  <ItemGroup>
    <ClInclude Include="Orbit.h" />
    <ClInclude Include="Frame.h" />
    <ClInclude Include="Types.h" />
    <ClInclude Include="Ephemeris.h" />
    <ClInclude Include="Elements.h" />
    <ClInclude Include="Properties.h" />
    <ClInclude Include="Constants.h" />
    <ClInclude Include="Algorithm.h" />
  </ItemGroup>
  <ItemGroup>
    <ClCompile Include="Orbit.cpp" />
    <ClCompile Include="Frame.cpp" />
    <ClCompile Include="Ephemeris.cpp" />
  </ItemGroup>
</Project>