<?xml version="1.0" encoding="utf-8"?>
<Project ToolsVersion="4.0" xmlns="http://schemas.microsoft.com/developer/msbuild/2003">
  <ItemGroup>
    <Filter Include="assembly">
      <UniqueIdentifier>{e1d96785-9fb2-49ee-bcb1-4e97b968602e}</UniqueIdentifier>
    </Filter>
  </ItemGroup>
  <ItemGroup>
    <ClInclude Include="resource.h">
      <Filter>assembly</Filter>
    </ClInclude>
    <ClInclude Include="Types.h" />
    <ClInclude Include="Unordered2D.h" />
    <ClInclude Include="VertexBuffer.h" />
    <ClInclude Include="VertexFormat.h" />
    <ClInclude Include="Camera2D.h" />
    <ClInclude Include="Clock.h" />
    <ClInclude Include="Context.h" />
    <ClInclude Include="DepthTarget2D.h" />
    <ClInclude Include="Geometry.h" />
    <ClInclude Include="IndexBuffer.h" />
    <ClInclude Include="Logger.h" />
    <ClInclude Include="Material.h" />
    <ClInclude Include="Math.h" />
    <ClInclude Include="Mesh.h" />
    <ClInclude Include="Parameter.h" />
    <ClInclude Include="Pipeline.h" />
    <ClInclude Include="Program.h" />
    <ClInclude Include="RenderTarget2D.h" />
    <ClInclude Include="TargetReader2D.h" />
    <ClInclude Include="Texture2D.h" />
    <ClInclude Include="OrbitalMechanics.h" />
    <ClInclude Include="Profiler.h" />
  </ItemGroup>
  <ItemGroup>
    <ClCompile Include="AssemblyInfo.cpp">
      <Filter>assembly</Filter>
    </ClCompile>
    <ClCompile Include="Unordered2D.cpp" />
    <ClCompile Include="VertexBuffer.cpp" />
    <ClCompile Include="VertexFormat.cpp" />
    <ClCompile Include="Camera2D.cpp" />
    <ClCompile Include="Clock.cpp" />
    <ClCompile Include="Context.cpp" />
    <ClCompile Include="DepthTarget2D.cpp" />
    <ClCompile Include="Geometry.cpp" />
    <ClCompile Include="IndexBuffer.cpp" />
    <ClCompile Include="Link.cpp" />
    <ClCompile Include="Logger.cpp" />
    <ClCompile Include="Material.cpp" />
    <ClCompile Include="Math.cpp" />
    <ClCompile Include="Mesh.cpp" />
    <ClCompile Include="Parameter.cpp" />
    <ClCompile Include="Pipeline.cpp" />
    <ClCompile Include="Program.cpp" />
    <ClCompile Include="RenderTarget2D.cpp" />
    <ClCompile Include="TargetReader2D.cpp" />
    <ClCompile Include="Texture2D.cpp" />
    <ClCompile Include="Types.cpp" />
    <ClCompile Include="OrbitalMechanics.cpp" />
    <ClCompile Include="Profiler.cpp" />
  </ItemGroup>
  <ItemGroup>
    <Image Include="app.ico">
      <Filter>assembly</Filter>
    </Image>
  </ItemGroup>
  <ItemGroup>
    <ResourceCompile Include="app.rc">
      <Filter>assembly</Filter>
    </ResourceCompile>
  </ItemGroup>
</Project>