<?xml version="1.0" encoding="utf-8"?>
<Project ToolsVersion="4.0" xmlns="http://schemas.microsoft.com/developer/msbuild/2003">
  <ItemGroup>
    <ClInclude Include="Primitive.h" />
    <ClInclude Include="Resources.h" />
    <ClInclude Include="Context.h" />
    <ClInclude Include="Material.h" />
    <ClInclude Include="Mesh.h" />
    <ClInclude Include="Geometry.h" />
    <ClInclude Include="Camera2D.h" />
    <ClInclude Include="Batched.h" />
    <ClInclude Include="Model.h" />
    <ClInclude Include="Image.h" />
    <ClInclude Include="Types.h" />
    <ClInclude Include="Defines.h" />
    <ClInclude Include="Font.h" />
    <ClInclude Include="Heightmap.h" />
    <ClInclude Include="ROAM.h" />
  </ItemGroup>
  <ItemGroup>
    <ClCompile Include="Primitive.cpp" />
    <ClCompile Include="Resources.cpp" />
    <ClCompile Include="Context.cpp" />
    <ClCompile Include="Material.cpp" />
    <ClCompile Include="Mesh.cpp" />
    <ClCompile Include="Geometry.cpp" />
    <ClCompile Include="Camera2D.cpp" />
    <ClCompile Include="Batched.cpp" />
    <ClCompile Include="Model.cpp" />
    <ClCompile Include="Image.cpp" />
    <ClCompile Include="Font.cpp" />
    <ClCompile Include="Heightmap.cpp" />
  </ItemGroup>
</Project>